{
  "version": 4,
  "terraform_version": "1.4.6",
  "serial": 18,
  "lineage": "50bf7b61-7297-80cf-3be1-06ad5b36836e",
  "outputs": {},
  "resources": [
    {
      "mode": "managed",
      "type": "aws_eip",
      "name": "ec2_ipaddress",
      "provider": "provider[\"registry.terraform.io/hashicorp/aws\"]",
      "instances": [
        {
          "index_key": 0,
          "schema_version": 0,
          "attributes": {
            "address": null,
            "allocation_id": "eipalloc-0db04e8a5f05ecb04",
            "associate_with_private_ip": null,
            "association_id": "eipassoc-0ce4d1d7541c29b73",
            "carrier_ip": "",
            "customer_owned_ip": "",
            "customer_owned_ipv4_pool": "",
            "domain": "vpc",
            "id": "eipalloc-0db04e8a5f05ecb04",
            "instance": "i-0dcfadba9a3997280",
            "network_border_group": "us-east-1",
            "network_interface": "eni-0d41024a2815af328",
            "private_dns": "ip-10-0-1-235.ec2.internal",
            "private_ip": "10.0.1.235",
            "public_dns": "ec2-52-54-0-113.compute-1.amazonaws.com",
            "public_ip": "52.54.0.113",
            "public_ipv4_pool": "amazon",
            "tags": null,
            "tags_all": {},
            "timeouts": null,
            "vpc": true
          },
          "sensitive_attributes": [],
          "private": "eyJlMmJmYjczMC1lY2FhLTExZTYtOGY4OC0zNDM2M2JjN2M0YzAiOnsiZGVsZXRlIjoxODAwMDAwMDAwMDAsInJlYWQiOjkwMDAwMDAwMDAwMCwidXBkYXRlIjozMDAwMDAwMDAwMDB9fQ==",
          "dependencies": [
            "aws_instance.web",
            "aws_internet_gateway.igw",
            "aws_key_pair.public_key",
            "aws_network_interface.primary_eni",
            "aws_subnet.subnet_public",
            "aws_vpc.myvpc",
            "tls_private_key.mykey"
          ]
        },
        {
          "index_key": 1,
          "schema_version": 0,
          "attributes": {
            "address": null,
            "allocation_id": "eipalloc-0d27d9b3be22bdb72",
            "associate_with_private_ip": null,
            "association_id": "eipassoc-09d60111b66465c2d",
            "carrier_ip": "",
            "customer_owned_ip": "",
            "customer_owned_ipv4_pool": "",
            "domain": "vpc",
            "id": "eipalloc-0d27d9b3be22bdb72",
            "instance": "i-0b6e0e71996431582",
            "network_border_group": "us-east-1",
            "network_interface": "eni-05060215b6b9baf47",
            "private_dns": "ip-10-0-1-48.ec2.internal",
            "private_ip": "10.0.1.48",
            "public_dns": "ec2-52-21-18-129.compute-1.amazonaws.com",
            "public_ip": "52.21.18.129",
            "public_ipv4_pool": "amazon",
            "tags": null,
            "tags_all": {},
            "timeouts": null,
            "vpc": true
          },
          "sensitive_attributes": [],
          "private": "eyJlMmJmYjczMC1lY2FhLTExZTYtOGY4OC0zNDM2M2JjN2M0YzAiOnsiZGVsZXRlIjoxODAwMDAwMDAwMDAsInJlYWQiOjkwMDAwMDAwMDAwMCwidXBkYXRlIjozMDAwMDAwMDAwMDB9fQ==",
          "dependencies": [
            "aws_instance.web",
            "aws_internet_gateway.igw",
            "aws_key_pair.public_key",
            "aws_network_interface.primary_eni",
            "aws_subnet.subnet_public",
            "aws_vpc.myvpc",
            "tls_private_key.mykey"
          ]
        }
      ]
    },
    {
      "mode": "managed",
      "type": "aws_instance",
      "name": "web",
      "provider": "provider[\"registry.terraform.io/hashicorp/aws\"]",
      "instances": [
        {
          "index_key": 0,
          "schema_version": 1,
          "attributes": {
            "ami": "ami-0889a44b331db0194",
            "arn": "arn:aws:ec2:us-east-1:513015787880:instance/i-0dcfadba9a3997280",
            "associate_public_ip_address": false,
            "availability_zone": "us-east-1a",
            "capacity_reservation_specification": [
              {
                "capacity_reservation_preference": "open",
                "capacity_reservation_target": []
              }
            ],
            "cpu_core_count": 1,
            "cpu_options": [
              {
                "amd_sev_snp": "",
                "core_count": 1,
                "threads_per_core": 1
              }
            ],
            "cpu_threads_per_core": 1,
            "credit_specification": [
              {
                "cpu_credits": "standard"
              }
            ],
            "disable_api_stop": false,
            "disable_api_termination": false,
            "ebs_block_device": [],
            "ebs_optimized": false,
            "enclave_options": [
              {
                "enabled": false
              }
            ],
            "ephemeral_block_device": [],
            "get_password_data": false,
            "hibernation": false,
            "host_id": "",
            "host_resource_group_arn": null,
            "iam_instance_profile": "",
            "id": "i-0dcfadba9a3997280",
            "instance_initiated_shutdown_behavior": "stop",
            "instance_state": "running",
            "instance_type": "t2.micro",
            "ipv6_address_count": 0,
            "ipv6_addresses": [],
            "key_name": "ec2_key",
            "launch_template": [],
            "maintenance_options": [
              {
                "auto_recovery": "default"
              }
            ],
            "metadata_options": [
              {
                "http_endpoint": "enabled",
                "http_put_response_hop_limit": 2,
                "http_tokens": "required",
                "instance_metadata_tags": "disabled"
              }
            ],
            "monitoring": false,
            "network_interface": [
              {
                "delete_on_termination": false,
                "device_index": 0,
                "network_card_index": 0,
                "network_interface_id": "eni-0d41024a2815af328"
              }
            ],
            "outpost_arn": "",
            "password_data": "",
            "placement_group": "",
            "placement_partition_number": 0,
            "primary_network_interface_id": "eni-0d41024a2815af328",
            "private_dns": "ip-10-0-1-235.ec2.internal",
            "private_dns_name_options": [
              {
                "enable_resource_name_dns_a_record": false,
                "enable_resource_name_dns_aaaa_record": false,
                "hostname_type": "ip-name"
              }
            ],
            "private_ip": "10.0.1.235",
            "public_dns": "",
            "public_ip": "",
            "root_block_device": [
              {
                "delete_on_termination": true,
                "device_name": "/dev/xvda",
                "encrypted": false,
                "iops": 3000,
                "kms_key_id": "",
                "tags": {},
                "throughput": 125,
                "volume_id": "vol-088533cb8ce7a89b9",
                "volume_size": 8,
                "volume_type": "gp3"
              }
            ],
            "secondary_private_ips": [],
            "security_groups": [],
            "source_dest_check": true,
            "subnet_id": "subnet-0901e9022f4afdec9",
            "tags": {
              "Name": "Webserver-0"
            },
            "tags_all": {
              "Name": "Webserver-0"
            },
            "tenancy": "default",
            "timeouts": null,
            "user_data": null,
            "user_data_base64": null,
            "user_data_replace_on_change": false,
            "volume_tags": null,
            "vpc_security_group_ids": [
              "sg-0407b76b5b490b9f8",
              "sg-0abdff422579ff048"
            ]
          },
          "sensitive_attributes": [],
          "private": "eyJlMmJmYjczMC1lY2FhLTExZTYtOGY4OC0zNDM2M2JjN2M0YzAiOnsiY3JlYXRlIjo2MDAwMDAwMDAwMDAsImRlbGV0ZSI6MTIwMDAwMDAwMDAwMCwidXBkYXRlIjo2MDAwMDAwMDAwMDB9LCJzY2hlbWFfdmVyc2lvbiI6IjEifQ==",
          "dependencies": [
            "aws_key_pair.public_key",
            "aws_network_interface.primary_eni",
            "aws_subnet.subnet_public",
            "aws_vpc.myvpc",
            "tls_private_key.mykey"
          ]
        },
        {
          "index_key": 1,
          "schema_version": 1,
          "attributes": {
            "ami": "ami-0889a44b331db0194",
            "arn": "arn:aws:ec2:us-east-1:513015787880:instance/i-0b6e0e71996431582",
            "associate_public_ip_address": false,
            "availability_zone": "us-east-1a",
            "capacity_reservation_specification": [
              {
                "capacity_reservation_preference": "open",
                "capacity_reservation_target": []
              }
            ],
            "cpu_core_count": 1,
            "cpu_options": [
              {
                "amd_sev_snp": "",
                "core_count": 1,
                "threads_per_core": 1
              }
            ],
            "cpu_threads_per_core": 1,
            "credit_specification": [
              {
                "cpu_credits": "standard"
              }
            ],
            "disable_api_stop": false,
            "disable_api_termination": false,
            "ebs_block_device": [],
            "ebs_optimized": false,
            "enclave_options": [
              {
                "enabled": false
              }
            ],
            "ephemeral_block_device": [],
            "get_password_data": false,
            "hibernation": false,
            "host_id": "",
            "host_resource_group_arn": null,
            "iam_instance_profile": "",
            "id": "i-0b6e0e71996431582",
            "instance_initiated_shutdown_behavior": "stop",
            "instance_state": "running",
            "instance_type": "t2.micro",
            "ipv6_address_count": 0,
            "ipv6_addresses": [],
            "key_name": "ec2_key",
            "launch_template": [],
            "maintenance_options": [
              {
                "auto_recovery": "default"
              }
            ],
            "metadata_options": [
              {
                "http_endpoint": "enabled",
                "http_put_response_hop_limit": 2,
                "http_tokens": "required",
                "instance_metadata_tags": "disabled"
              }
            ],
            "monitoring": false,
            "network_interface": [
              {
                "delete_on_termination": false,
                "device_index": 0,
                "network_card_index": 0,
                "network_interface_id": "eni-05060215b6b9baf47"
              }
            ],
            "outpost_arn": "",
            "password_data": "",
            "placement_group": "",
            "placement_partition_number": 0,
            "primary_network_interface_id": "eni-05060215b6b9baf47",
            "private_dns": "ip-10-0-1-48.ec2.internal",
            "private_dns_name_options": [
              {
                "enable_resource_name_dns_a_record": false,
                "enable_resource_name_dns_aaaa_record": false,
                "hostname_type": "ip-name"
              }
            ],
            "private_ip": "10.0.1.48",
            "public_dns": "",
            "public_ip": "",
            "root_block_device": [
              {
                "delete_on_termination": true,
                "device_name": "/dev/xvda",
                "encrypted": false,
                "iops": 3000,
                "kms_key_id": "",
                "tags": {},
                "throughput": 125,
                "volume_id": "vol-07dc7a8f9896b36c3",
                "volume_size": 8,
                "volume_type": "gp3"
              }
            ],
            "secondary_private_ips": [],
            "security_groups": [],
            "source_dest_check": true,
            "subnet_id": "subnet-0901e9022f4afdec9",
            "tags": {
              "Name": "Webserver-1"
            },
            "tags_all": {
              "Name": "Webserver-1"
            },
            "tenancy": "default",
            "timeouts": null,
            "user_data": null,
            "user_data_base64": null,
            "user_data_replace_on_change": false,
            "volume_tags": null,
            "vpc_security_group_ids": [
              "sg-0407b76b5b490b9f8",
              "sg-0abdff422579ff048"
            ]
          },
          "sensitive_attributes": [],
          "private": "eyJlMmJmYjczMC1lY2FhLTExZTYtOGY4OC0zNDM2M2JjN2M0YzAiOnsiY3JlYXRlIjo2MDAwMDAwMDAwMDAsImRlbGV0ZSI6MTIwMDAwMDAwMDAwMCwidXBkYXRlIjo2MDAwMDAwMDAwMDB9LCJzY2hlbWFfdmVyc2lvbiI6IjEifQ==",
          "dependencies": [
            "aws_key_pair.public_key",
            "aws_network_interface.primary_eni",
            "aws_subnet.subnet_public",
            "aws_vpc.myvpc",
            "tls_private_key.mykey"
          ]
        }
      ]
    },
    {
      "mode": "managed",
      "type": "aws_internet_gateway",
      "name": "igw",
      "provider": "provider[\"registry.terraform.io/hashicorp/aws\"]",
      "instances": [
        {
          "schema_version": 0,
          "attributes": {
            "arn": "arn:aws:ec2:us-east-1:513015787880:internet-gateway/igw-0f1b32e86d01a783d",
            "id": "igw-0f1b32e86d01a783d",
            "owner_id": "513015787880",
            "tags": null,
            "tags_all": {},
            "timeouts": null,
            "vpc_id": "vpc-0f06cca29c133a076"
          },
          "sensitive_attributes": [],
          "private": "eyJlMmJmYjczMC1lY2FhLTExZTYtOGY4OC0zNDM2M2JjN2M0YzAiOnsiY3JlYXRlIjoxMjAwMDAwMDAwMDAwLCJkZWxldGUiOjEyMDAwMDAwMDAwMDAsInVwZGF0ZSI6MTIwMDAwMDAwMDAwMH19",
          "dependencies": [
            "aws_vpc.myvpc"
          ]
        }
      ]
    },
    {
      "mode": "managed",
      "type": "aws_key_pair",
      "name": "public_key",
      "provider": "provider[\"registry.terraform.io/hashicorp/aws\"]",
      "instances": [
        {
          "schema_version": 1,
          "attributes": {
            "arn": "arn:aws:ec2:us-east-1:513015787880:key-pair/ec2_key",
            "fingerprint": "88:7b:9a:8c:8d:7f:5f:64:76:f7:e0:03:ce:6a:24:0b",
            "id": "ec2_key",
            "key_name": "ec2_key",
            "key_name_prefix": "",
            "key_pair_id": "key-0a858f4804b8391c1",
            "key_type": "rsa",
            "public_key": "ssh-rsa AAAAB3NzaC1yc2EAAAADAQABAAACAQC4iB6YkCyTf28eBQcUIBbof1LgB+3EyU+H3jA2Jm/NxGPRFpyaOTa3z+30Keh5ior5Im5MBFENE20UAvaGokx8XSwL314R6vSwr9H6miLyTh8Exgov7TnY/+Ez+8KapBaXaQFQ2nIdmAfvdEECDPQ5t+llx92zw26BUQRSWiZRPhG8wGnORnqj4j5P6tym3onTcNvlmVmH9sd+r0hdUWndLLMXS4/80M30qBEJ6Ftj+GI9IAZcMZWxMqv0LaHE6ac92u3u5Vmta+e6qmmXQT1IxxZivFyVXYKLN2HmNUzcxqCC/Ni8SKI7u4KZoAmJbaJs9NctXraLvi6+EbRy9lvwTT9QTjCDbjg5bumxULMHwUKmdSED47R40us9ZHlVxlUkUo5BuT9WHSukoBbudir8UlPDFz3LX4qX3Y+Yfgc6l73c7s7UDBg64pGRKGWkBx5Wn/4sbF4fN6AjJkDNt7ZwCp1+u9khhPR6JUlNohsQCLQ/nzpCQfuVg3hdFbHbboQg3R0ItdtK7WcrqB+itVDZL8UuXGA4sgYJoQBTLYMtVjF6ll5a/DQqrlg9ExCt6ekQ6yglBiOURpGGRm8A9mLdYOPWwQOOyPAxr9wffNl8ME0Rvx2NH45igGuaeRxwOcDudzVMCM4wbz0UM6LppjRNXw69bULmFjhkRNv7uveEgQ==",
            "tags": null,
            "tags_all": {}
          },
          "sensitive_attributes": [],
          "private": "eyJzY2hlbWFfdmVyc2lvbiI6IjEifQ==",
          "dependencies": [
            "tls_private_key.mykey"
          ]
        }
      ]
    },
    {
      "mode": "managed",
      "type": "aws_network_interface",
      "name": "primary_eni",
      "provider": "provider[\"registry.terraform.io/hashicorp/aws\"]",
      "instances": [
        {
          "index_key": 0,
          "schema_version": 0,
          "attributes": {
            "arn": "arn:aws:ec2:us-east-1:513015787880:network-interface/eni-0d41024a2815af328",
            "attachment": [],
            "description": "",
            "id": "eni-0d41024a2815af328",
            "interface_type": "interface",
            "ipv4_prefix_count": 0,
            "ipv4_prefixes": [],
            "ipv6_address_count": 0,
            "ipv6_address_list": [],
            "ipv6_address_list_enabled": false,
            "ipv6_addresses": [],
            "ipv6_prefix_count": 0,
            "ipv6_prefixes": [],
            "mac_address": "0e:00:d4:22:9f:29",
            "outpost_arn": "",
            "owner_id": "513015787880",
            "private_dns_name": "ip-10-0-1-235.ec2.internal",
            "private_ip": "10.0.1.235",
            "private_ip_list": [
              "10.0.1.235"
            ],
            "private_ip_list_enabled": false,
            "private_ips": [
              "10.0.1.235"
            ],
            "private_ips_count": 0,
            "security_groups": [
              "sg-0407b76b5b490b9f8"
            ],
            "source_dest_check": true,
            "subnet_id": "subnet-0901e9022f4afdec9",
            "tags": null,
            "tags_all": {}
          },
          "sensitive_attributes": [],
          "private": "bnVsbA==",
          "dependencies": [
            "aws_subnet.subnet_public",
            "aws_vpc.myvpc"
          ]
        },
        {
          "index_key": 1,
          "schema_version": 0,
          "attributes": {
            "arn": "arn:aws:ec2:us-east-1:513015787880:network-interface/eni-05060215b6b9baf47",
            "attachment": [],
            "description": "",
            "id": "eni-05060215b6b9baf47",
            "interface_type": "interface",
            "ipv4_prefix_count": 0,
            "ipv4_prefixes": [],
            "ipv6_address_count": 0,
            "ipv6_address_list": [],
            "ipv6_address_list_enabled": false,
            "ipv6_addresses": [],
            "ipv6_prefix_count": 0,
            "ipv6_prefixes": [],
            "mac_address": "0e:c5:8a:da:30:7f",
            "outpost_arn": "",
            "owner_id": "513015787880",
            "private_dns_name": "ip-10-0-1-48.ec2.internal",
            "private_ip": "10.0.1.48",
            "private_ip_list": [
              "10.0.1.48"
            ],
            "private_ip_list_enabled": false,
            "private_ips": [
              "10.0.1.48"
            ],
            "private_ips_count": 0,
            "security_groups": [
              "sg-0407b76b5b490b9f8"
            ],
            "source_dest_check": true,
            "subnet_id": "subnet-0901e9022f4afdec9",
            "tags": null,
            "tags_all": {}
          },
          "sensitive_attributes": [],
          "private": "bnVsbA==",
          "dependencies": [
            "aws_subnet.subnet_public",
            "aws_vpc.myvpc"
          ]
        }
      ]
    },
    {
      "mode": "managed",
      "type": "aws_network_interface_sg_attachment",
      "name": "sg_attachment",
      "provider": "provider[\"registry.terraform.io/hashicorp/aws\"]",
      "instances": [
        {
          "index_key": 0,
          "schema_version": 0,
          "attributes": {
            "id": "sg-0abdff422579ff048_eni-0d41024a2815af328",
            "network_interface_id": "eni-0d41024a2815af328",
            "security_group_id": "sg-0abdff422579ff048"
          },
          "sensitive_attributes": [],
          "private": "bnVsbA==",
          "dependencies": [
            "aws_network_interface.primary_eni",
            "aws_security_group.webserver_sg",
            "aws_subnet.subnet_public",
            "aws_vpc.myvpc"
          ]
        },
        {
          "index_key": 1,
          "schema_version": 0,
          "attributes": {
            "id": "sg-0abdff422579ff048_eni-05060215b6b9baf47",
            "network_interface_id": "eni-05060215b6b9baf47",
            "security_group_id": "sg-0abdff422579ff048"
          },
          "sensitive_attributes": [],
          "private": "bnVsbA==",
          "dependencies": [
            "aws_network_interface.primary_eni",
            "aws_security_group.webserver_sg",
            "aws_subnet.subnet_public",
            "aws_vpc.myvpc"
          ]
        }
      ]
    },
    {
      "mode": "managed",
      "type": "aws_route_table",
      "name": "rtb_public",
      "provider": "provider[\"registry.terraform.io/hashicorp/aws\"]",
      "instances": [
        {
          "schema_version": 0,
          "attributes": {
            "arn": "arn:aws:ec2:us-east-1:513015787880:route-table/rtb-04b08e1ce364fc6da",
            "id": "rtb-04b08e1ce364fc6da",
            "owner_id": "513015787880",
            "propagating_vgws": [],
            "route": [
              {
                "carrier_gateway_id": "",
                "cidr_block": "0.0.0.0/0",
                "core_network_arn": "",
                "destination_prefix_list_id": "",
                "egress_only_gateway_id": "",
                "gateway_id": "igw-0f1b32e86d01a783d",
                "instance_id": "",
                "ipv6_cidr_block": "",
                "local_gateway_id": "",
                "nat_gateway_id": "",
                "network_interface_id": "",
                "transit_gateway_id": "",
                "vpc_endpoint_id": "",
                "vpc_peering_connection_id": ""
              }
            ],
            "tags": null,
            "tags_all": {},
            "timeouts": null,
            "vpc_id": "vpc-0f06cca29c133a076"
          },
          "sensitive_attributes": [],
          "private": "eyJlMmJmYjczMC1lY2FhLTExZTYtOGY4OC0zNDM2M2JjN2M0YzAiOnsiY3JlYXRlIjozMDAwMDAwMDAwMDAsImRlbGV0ZSI6MzAwMDAwMDAwMDAwLCJ1cGRhdGUiOjEyMDAwMDAwMDAwMH19",
          "dependencies": [
            "aws_internet_gateway.igw",
            "aws_vpc.myvpc"
          ]
        }
      ]
    },
    {
      "mode": "managed",
      "type": "aws_route_table_association",
      "name": "rta_subnet_public",
      "provider": "provider[\"registry.terraform.io/hashicorp/aws\"]",
      "instances": [
        {
          "schema_version": 0,
          "attributes": {
            "gateway_id": "",
            "id": "rtbassoc-0f3cd9e56d7850259",
            "route_table_id": "rtb-04b08e1ce364fc6da",
            "subnet_id": "subnet-0901e9022f4afdec9",
            "timeouts": null
          },
          "sensitive_attributes": [],
          "private": "eyJlMmJmYjczMC1lY2FhLTExZTYtOGY4OC0zNDM2M2JjN2M0YzAiOnsiY3JlYXRlIjozMDAwMDAwMDAwMDAsImRlbGV0ZSI6MzAwMDAwMDAwMDAwLCJ1cGRhdGUiOjEyMDAwMDAwMDAwMH19",
          "dependencies": [
            "aws_internet_gateway.igw",
            "aws_route_table.rtb_public",
            "aws_subnet.subnet_public",
            "aws_vpc.myvpc"
          ]
        }
      ]
    },
    {
      "mode": "managed",
      "type": "aws_security_group",
      "name": "webserver_sg",
      "provider": "provider[\"registry.terraform.io/hashicorp/aws\"]",
      "instances": [
        {
          "schema_version": 1,
          "attributes": {
            "arn": "arn:aws:ec2:us-east-1:513015787880:security-group/sg-0abdff422579ff048",
            "description": "Managed by Terraform",
            "egress": [
              {
                "cidr_blocks": [
                  "0.0.0.0/0"
                ],
                "description": "",
                "from_port": 0,
                "ipv6_cidr_blocks": [],
                "prefix_list_ids": [],
                "protocol": "-1",
                "security_groups": [],
                "self": false,
                "to_port": 0
              }
            ],
            "id": "sg-0abdff422579ff048",
            "ingress": [
              {
                "cidr_blocks": [
                  "0.0.0.0/0"
                ],
                "description": "",
                "from_port": 22,
                "ipv6_cidr_blocks": [],
                "prefix_list_ids": [],
                "protocol": "tcp",
                "security_groups": [],
                "self": false,
                "to_port": 22
              },
              {
                "cidr_blocks": [
                  "0.0.0.0/0"
                ],
                "description": "",
                "from_port": 80,
                "ipv6_cidr_blocks": [],
                "prefix_list_ids": [],
                "protocol": "tcp",
                "security_groups": [],
                "self": false,
                "to_port": 80
              }
            ],
            "name": "webserver_sg",
            "name_prefix": "",
            "owner_id": "513015787880",
            "revoke_rules_on_delete": false,
            "tags": null,
            "tags_all": {},
            "timeouts": null,
            "vpc_id": "vpc-0f06cca29c133a076"
          },
          "sensitive_attributes": [],
          "private": "eyJlMmJmYjczMC1lY2FhLTExZTYtOGY4OC0zNDM2M2JjN2M0YzAiOnsiY3JlYXRlIjo2MDAwMDAwMDAwMDAsImRlbGV0ZSI6OTAwMDAwMDAwMDAwfSwic2NoZW1hX3ZlcnNpb24iOiIxIn0=",
          "dependencies": [
            "aws_vpc.myvpc"
          ]
        }
      ]
    },
    {
      "mode": "managed",
      "type": "aws_subnet",
      "name": "subnet_public",
      "provider": "provider[\"registry.terraform.io/hashicorp/aws\"]",
      "instances": [
        {
          "schema_version": 1,
          "attributes": {
            "arn": "arn:aws:ec2:us-east-1:513015787880:subnet/subnet-0901e9022f4afdec9",
            "assign_ipv6_address_on_creation": false,
            "availability_zone": "us-east-1a",
            "availability_zone_id": "use1-az6",
            "cidr_block": "10.0.1.0/24",
            "customer_owned_ipv4_pool": "",
            "enable_dns64": false,
            "enable_lni_at_device_index": 0,
            "enable_resource_name_dns_a_record_on_launch": false,
            "enable_resource_name_dns_aaaa_record_on_launch": false,
            "id": "subnet-0901e9022f4afdec9",
            "ipv6_cidr_block": "",
            "ipv6_cidr_block_association_id": "",
            "ipv6_native": false,
            "map_customer_owned_ip_on_launch": false,
            "map_public_ip_on_launch": false,
            "outpost_arn": "",
            "owner_id": "513015787880",
            "private_dns_hostname_type_on_launch": "ip-name",
            "tags": {
              "Name": "my_public_subnet"
            },
            "tags_all": {
              "Name": "my_public_subnet"
            },
            "timeouts": null,
            "vpc_id": "vpc-0f06cca29c133a076"
          },
          "sensitive_attributes": [],
          "private": "eyJlMmJmYjczMC1lY2FhLTExZTYtOGY4OC0zNDM2M2JjN2M0YzAiOnsiY3JlYXRlIjo2MDAwMDAwMDAwMDAsImRlbGV0ZSI6MTIwMDAwMDAwMDAwMH0sInNjaGVtYV92ZXJzaW9uIjoiMSJ9",
          "dependencies": [
            "aws_vpc.myvpc"
          ]
        }
      ]
    },
    {
      "mode": "managed",
      "type": "aws_vpc",
      "name": "myvpc",
      "provider": "provider[\"registry.terraform.io/hashicorp/aws\"]",
      "instances": [
        {
          "schema_version": 1,
          "attributes": {
            "arn": "arn:aws:ec2:us-east-1:513015787880:vpc/vpc-0f06cca29c133a076",
            "assign_generated_ipv6_cidr_block": false,
            "cidr_block": "10.0.0.0/16",
            "default_network_acl_id": "acl-094e1e310d6c3b92d",
            "default_route_table_id": "rtb-04317b5fd49d165b2",
            "default_security_group_id": "sg-0407b76b5b490b9f8",
            "dhcp_options_id": "dopt-08c71bbba20d72bfe",
            "enable_classiclink": false,
            "enable_classiclink_dns_support": false,
            "enable_dns_hostnames": true,
            "enable_dns_support": true,
            "enable_network_address_usage_metrics": false,
            "id": "vpc-0f06cca29c133a076",
            "instance_tenancy": "default",
            "ipv4_ipam_pool_id": null,
            "ipv4_netmask_length": null,
            "ipv6_association_id": "",
            "ipv6_cidr_block": "",
            "ipv6_cidr_block_network_border_group": "",
            "ipv6_ipam_pool_id": "",
            "ipv6_netmask_length": 0,
            "main_route_table_id": "rtb-04317b5fd49d165b2",
            "owner_id": "513015787880",
            "tags": {
              "Name": "my_custom_vpc"
            },
            "tags_all": {
              "Name": "my_custom_vpc"
            }
          },
          "sensitive_attributes": [],
          "private": "eyJzY2hlbWFfdmVyc2lvbiI6IjEifQ=="
        }
      ]
    },
    {
      "mode": "managed",
      "type": "local_file",
      "name": "private_key",
      "provider": "provider[\"registry.terraform.io/hashicorp/local\"]",
      "instances": [
        {
          "schema_version": 0,
          "attributes": {
            "content": "-----BEGIN RSA PRIVATE KEY-----\nMIIJKQIBAAKCAgEAuIgemJAsk39vHgUHFCAW6H9S4AftxMlPh94wNiZvzcRj0Rac\nmjk2t8/t9CnoeYqK+SJuTARRDRNtFAL2hqJMfF0sC99eEer0sK/R+poi8k4fBMYK\nL+052P/hM/vCmqQWl2kBUNpyHZgH73RBAgz0ObfpZcfds8NugVEEUlomUT4RvMBp\nzkZ6o+I+T+rcpt6J03Db5ZlZh/bHfq9IXVFp3SyzF0uP/NDN9KgRCehbY/hiPSAG\nXDGVsTKr9C2hxOmnPdrt7uVZrWvnuqppl0E9SMcWYrxclV2Cizdh5jVM3MaggvzY\nvEiiO7uCmaAJiW2ibPTXLV62i74uvhG0cvZb8E0/UE4wg244OW7psVCzB8FCpnUh\nA+O0eNLrPWR5VcZVJFKOQbk/Vh0rpKAW7nYq/FJTwxc9y1+Kl92PmH4HOpe93O7O\n1AwYOuKRkShlpAceVp/+LGxeHzegIyZAzbe2cAqdfrvZIYT0eiVJTaIbEAi0P586\nQkH7lYN4XRWx226EIN0dCLXbSu1nK6gforVQ2S/FLlxgOLIGCaEAUy2DLVYxepZe\nWvw0Kq5YPRMQrenpEOsoJQYjlEaRhkZvAPZi3WDj1sEDjsjwMa/cH3zZfDBNEb8d\njR+OYoBrmnkccDnA7nc1TAjOMG89FDOi6aY0TV8OvW1C5hY4ZETb+7r3hIECAwEA\nAQKCAgACnOrR/jijXgqUwj13a3znjeX+hh43yyH1KpBENAchQsanD0roZCcCM0+L\nRYylK/EL1hD5wpXjOYMx5VjYTzQGDsuw31jVqB4O4m52vfgAtlp6FtPOGe3XxMfL\nlKUMy4YGXtZF7tHu2VhDa8H/5W8P4irL5iidgwbtjdgh0mT4gYh+w7q70QOrjmiT\neR/mvP/2noJ+nc1Gv5fTk2fS6nQ1TYy7p7ZCPjKsZDTZjxC8OagqdWmhpJIaED2f\nF4ZS43waxB7aYyUB76U4X3FfUu0rOqZ2f3RQKSLQFditCdQszCM5t5raD608a0tO\nIZYA/CxwnobtfYnYMLk4t8d2WUaz+jc319HGeJJOQB2CKXyrZ5E6tKEgEE1ZPF2w\nYz1o0ZeByLZJ/YxUhpc3XRST+g6Ktw4SQ+PwcHHhtiIfS0W2OwUPIZgt8vVG/0Nn\nRPEGB8VvDrGCya3VqxJWVUwDT7Oz5s03UMqQKTCaiMLWxi3LkMHWxWDhGSfnPv8q\nwUe8pNS/VaikOOVu92BoIoqc/kHST8g/UJEVbhQdqFwCFFhULAWerktQSKyYYtG1\njvAcKbmdcClq68wj2MpdVpxCVRaStiz8TAotjchGrbg3AtAUx0Un2OfV0ugiO64k\n2VfYgIJjyEtYwUtDC3za+DcYITC42TV9jI0JCJct91Fhh2+ugQKCAQEAyJ/EWh4M\n0UIbtXDnr/8XkKK+p+/AToSmMFN03YZk2t9JhaGsz8znu7JgfyazAGe8XG5fGS4c\ny+jzWh1aVRDoKVLrdo/ce9y836Pjxmk+VCLOFoKH2mBrQI95+9JSaNdfwPdTnKSN\nGjfGcU2ayI4nLgYFgPk9syIDh/CTK7GOwQCi7e6Sed8nFjWtFRpgM3PWH5POkJL3\nh/GP+c5WFN5HFBzu4fRs6v+Pah7FdNwUtBNe2ugZXMEvOgo2MXFZwkRczEQXlbO1\nCPiycucpF/EI21X6fa6fHf2pAxDTyXswU1woNh7doOLi74GUia+t5p043fi0yYLk\n9O/drcMwZzfCfwKCAQEA63dBLzY+yxeLZsebj166Dj4szlexiKjHIK6/cXzbIFYG\n4MQcrlL2Zw/mQPRau7BHPoG3UDY2MeNBMvC+4PXoTGgkmYogoP9d3L+8vGNNNDvb\nQrSdEdG+v+QipV7dl/iNY9LTZU7Mws1UbhZPQjiQ+ksL/T87K0Nj8O8HlXOhfJP/\nejj6OVI/NA5Rn4D5cIj+NQESVIT6xlfbupkKPX89VXKyWWF+n07L+tGjk9BuxeVf\n6wxvvYFjsFUSBRoVLT+pM5qmnEjKUAOB/3gSP6QmRPu/g7pQj17BQ98LPch2+XU+\n5KNiF1zdSstfXlinzs2wqUS4oNSIZ9hfR9QllZ84/wKCAQEAw9rMyhkp9CNwf3ng\nhP0oGSf3rmSsvTpcLzNaFGT+EnoHAXDrDtX/qEokUB0MhKnAxg9twVw1+o7I+0FK\njV769lSfz9fzq+u7ayxI0cqucV6lCG6Xh4W3ToiC0mbp0rXnIa+RrYsqwNyQWs4i\n/AVilFiGiPlI1ZawEca3NeGZ9irT5CmST22db94owUBFiBVehOc7sgH3qnwVTQ61\nFJxGkYkJYAbJScUBUd0GcOXlRELgyB3rnJRvsV6Et1HsCW3JlhQnXhrY8hAvzWKD\nyH6jYdSWvJl7dsDKfVaxGrGrZMXD78nEHStB1gUPaDbcMxVrja8ddtfVApUkOV0i\n5LEXqwKCAQEAxMcfuYXayjz96cHslc8zK834AeU1X6C08PI42W3fblGWY+ZglaqN\ncynNYgEThoDVuT4MZUM43U4u4ZRh4HyBSsFJvOq7Q/DFj0LJRqKyFXHkVgW8sfSY\nNaNA9PSnuWYlOwQoWCSXaEDSS0HnsM63EgT/mv9pwkkKT4Ji0xoUHZlNSuYs7xR1\n71n8CpFtZAeIceFYYTvUm0c3QOS+sxAPwMYemCWq/RWL0Cu8ST5KJKYBF9yH0VY9\nalJdwde/VNY73/1hOYB3WpDj5gyBK6BRvxqoPTzKMFaeqsrOiS5rhyPdkJOd2Spp\nYSU+qQjsDB7HgV4F8ZpL+ITRc6SuWDD9HwKCAQBUs9MkBkZpt2ZATFV0cGhgTd0Q\nbrPp3VL4/lXbUvlpg5nCSyfATwnrfiDVL6InTsHx9I9Z4DFCOsAV6O/TkoaWs0N7\nf9bfVlsMvR/sUElCyqgBVknVy1bHRJo4C7jcFMdwKkhhNqLYzjFsfTKRuKmDixqm\nGKl5EiZfO0DcpY8br3+aVuL07RLUZtGoxIzapfbro8HZ2FeosD5ypB+C+bJAYN9F\noSUm86Fo5ONP7Qd9mhJkw9LNKCcXcv8YjGF2x9KrodznLvuqRwGqVHW6vYgZecIW\npivEilfqhQdeawDXfd2j0Gv4aTS11ppAGvtNSqt/P0BY3YYxV5lIfWfzOzEk\n-----END RSA PRIVATE KEY-----\n",
            "content_base64": null,
            "content_base64sha256": "nO9rjzZ/2vjkXLdX8cRkaU/6iXFXKhUQoXkFOrtUU+Y=",
            "content_base64sha512": "wtUzDoZCOoecVy0Dh5zZMPV1uhk/zgCJ1VYKO863eGikF5MEG1KUT5s7yr4lzHNSEcEK6LEXcPgaQpLYHF2/Rw==",
            "content_md5": "ed95d32139a76d09258aee8968371d4f",
            "content_sha1": "147b7f8f63d1eb68bec9e0ddccea357a2125d07a",
            "content_sha256": "9cef6b8f367fdaf8e45cb757f1c464694ffa8971572a1510a179053abb5453e6",
            "content_sha512": "c2d5330e86423a879c572d03879cd930f575ba193fce0089d5560a3bceb77868a41793041b52944f9b3bcabe25cc735211c10ae8b11770f81a4292d81c5dbf47",
            "directory_permission": "0777",
            "file_permission": "0400",
            "filename": "aws.pem",
            "id": "147b7f8f63d1eb68bec9e0ddccea357a2125d07a",
            "sensitive_content": null,
            "source": null
          },
          "sensitive_attributes": [
            [
              {
                "type": "get_attr",
                "value": "content"
              }
            ]
          ],
          "dependencies": [
            "tls_private_key.mykey"
          ]
        }
      ]
    },
    {
      "mode": "managed",
      "type": "tls_private_key",
      "name": "mykey",
      "provider": "provider[\"registry.terraform.io/hashicorp/tls\"]",
      "instances": [
        {
          "schema_version": 1,
          "attributes": {
            "algorithm": "RSA",
            "ecdsa_curve": "P224",
            "id": "fefcce0482665bbaca3e5e3ff3ed8257e5e4bd77",
            "private_key_openssh": "-----BEGIN OPENSSH PRIVATE KEY-----\nb3BlbnNzaC1rZXktdjEAAAAABG5vbmUAAAAEbm9uZQAAAAAAAAABAAACFwAAAAdz\nc2gtcnNhAAAAAwEAAQAAAgEAuIgemJAsk39vHgUHFCAW6H9S4AftxMlPh94wNiZv\nzcRj0Racmjk2t8/t9CnoeYqK+SJuTARRDRNtFAL2hqJMfF0sC99eEer0sK/R+poi\n8k4fBMYKL+052P/hM/vCmqQWl2kBUNpyHZgH73RBAgz0ObfpZcfds8NugVEEUlom\nUT4RvMBpzkZ6o+I+T+rcpt6J03Db5ZlZh/bHfq9IXVFp3SyzF0uP/NDN9KgRCehb\nY/hiPSAGXDGVsTKr9C2hxOmnPdrt7uVZrWvnuqppl0E9SMcWYrxclV2Cizdh5jVM\n3MaggvzYvEiiO7uCmaAJiW2ibPTXLV62i74uvhG0cvZb8E0/UE4wg244OW7psVCz\nB8FCpnUhA+O0eNLrPWR5VcZVJFKOQbk/Vh0rpKAW7nYq/FJTwxc9y1+Kl92PmH4H\nOpe93O7O1AwYOuKRkShlpAceVp/+LGxeHzegIyZAzbe2cAqdfrvZIYT0eiVJTaIb\nEAi0P586QkH7lYN4XRWx226EIN0dCLXbSu1nK6gforVQ2S/FLlxgOLIGCaEAUy2D\nLVYxepZeWvw0Kq5YPRMQrenpEOsoJQYjlEaRhkZvAPZi3WDj1sEDjsjwMa/cH3zZ\nfDBNEb8djR+OYoBrmnkccDnA7nc1TAjOMG89FDOi6aY0TV8OvW1C5hY4ZETb+7r3\nhIEAAAc46gYu7eoGLu0AAAAHc3NoLXJzYQAAAgEAuIgemJAsk39vHgUHFCAW6H9S\n4AftxMlPh94wNiZvzcRj0Racmjk2t8/t9CnoeYqK+SJuTARRDRNtFAL2hqJMfF0s\nC99eEer0sK/R+poi8k4fBMYKL+052P/hM/vCmqQWl2kBUNpyHZgH73RBAgz0Obfp\nZcfds8NugVEEUlomUT4RvMBpzkZ6o+I+T+rcpt6J03Db5ZlZh/bHfq9IXVFp3Syz\nF0uP/NDN9KgRCehbY/hiPSAGXDGVsTKr9C2hxOmnPdrt7uVZrWvnuqppl0E9SMcW\nYrxclV2Cizdh5jVM3MaggvzYvEiiO7uCmaAJiW2ibPTXLV62i74uvhG0cvZb8E0/\nUE4wg244OW7psVCzB8FCpnUhA+O0eNLrPWR5VcZVJFKOQbk/Vh0rpKAW7nYq/FJT\nwxc9y1+Kl92PmH4HOpe93O7O1AwYOuKRkShlpAceVp/+LGxeHzegIyZAzbe2cAqd\nfrvZIYT0eiVJTaIbEAi0P586QkH7lYN4XRWx226EIN0dCLXbSu1nK6gforVQ2S/F\nLlxgOLIGCaEAUy2DLVYxepZeWvw0Kq5YPRMQrenpEOsoJQYjlEaRhkZvAPZi3WDj\n1sEDjsjwMa/cH3zZfDBNEb8djR+OYoBrmnkccDnA7nc1TAjOMG89FDOi6aY0TV8O\nvW1C5hY4ZETb+7r3hIEAAAADAQABAAACAAKc6tH+OKNeCpTCPXdrfOeN5f6GHjfL\nIfUqkEQ0ByFCxqcPSuhkJwIzT4tFjKUr8QvWEPnCleM5gzHlWNhPNAYOy7DfWNWo\nHg7ibna9+AC2WnoW084Z7dfEx8uUpQzLhgZe1kXu0e7ZWENrwf/lbw/iKsvmKJ2D\nBu2N2CHSZPiBiH7DurvRA6uOaJN5H+a8//aegn6dzUa/l9OTZ9LqdDVNjLuntkI+\nMqxkNNmPELw5qCp1aaGkkhoQPZ8XhlLjfBrEHtpjJQHvpThfcV9S7Ss6pnZ/dFAp\nItAV2K0J1CzMIzm3mtoPrTxrS04hlgD8LHCehu19idgwuTi3x3ZZRrP6NzfX0cZ4\nkk5AHYIpfKtnkTq0oSAQTVk8XbBjPWjRl4HItkn9jFSGlzddFJP6Doq3DhJD4/Bw\nceG2Ih9LRbY7BQ8hmC3y9Ub/Q2dE8QYHxW8OsYLJrdWrElZVTANPs7PmzTdQypAp\nMJqIwtbGLcuQwdbFYOEZJ+c+/yrBR7yk1L9VqKQ45W73YGgiipz+QdJPyD9QkRVu\nFB2oXAIUWFQsBZ6uS1BIrJhi0bWO8BwpuZ1wKWrrzCPYyl1WnEJVFpK2LPxMCi2N\nyEatuDcC0BTHRSfY59XS6CI7riTZV9iAgmPIS1jBS0MLfNr4NxghMLjZNX2MjQkI\nly33UWGHb66BAAABAFSz0yQGRmm3ZkBMVXRwaGBN3RBus+ndUvj+VdtS+WmDmcJL\nJ8BPCet+INUvoidOwfH0j1ngMUI6wBXo79OShpazQ3t/1t9WWwy9H+xQSULKqAFW\nSdXLVsdEmjgLuNwUx3AqSGE2otjOMWx9MpG4qYOLGqYYqXkSJl87QNyljxuvf5pW\n4vTtEtRm0ajEjNql9uujwdnYV6iwPnKkH4L5skBg30WhJSbzoWjk40/tB32aEmTD\n0s0oJxdy/xiMYXbH0quh3Ocu+6pHAapUdbq9iBl5whamK8SKV+qFB15rANd93aPQ\na/hpNLXWmkAa+01Kq38/QFjdhjFXmUh9Z/M7MSQAAAEBAMifxFoeDNFCG7Vw56//\nF5CivqfvwE6EpjBTdN2GZNrfSYWhrM/M57uyYH8mswBnvFxuXxkuHMvo81odWlUQ\n6ClS63aP3HvcvN+j48ZpPlQizhaCh9pga0CPefvSUmjXX8D3U5ykjRo3xnFNmsiO\nJy4GBYD5PbMiA4fwkyuxjsEAou3uknnfJxY1rRUaYDNz1h+TzpCS94fxj/nOVhTe\nRxQc7uH0bOr/j2oexXTcFLQTXtroGVzBLzoKNjFxWcJEXMxEF5WztQj4snLnKRfx\nCNtV+n2unx39qQMQ08l7MFNcKDYe3aDi4u+BlImvreadON34tMmC5PTv3a3DMGc3\nwn8AAAEBAOt3QS82PssXi2bHm49eug4+LM5XsYioxyCuv3F82yBWBuDEHK5S9mcP\n5kD0WruwRz6Bt1A2NjHjQTLwvuD16ExoJJmKIKD/Xdy/vLxjTTQ720K0nRHRvr/k\nIqVe3Zf4jWPS02VOzMLNVG4WT0I4kPpLC/0/OytDY/DvB5VzoXyT/3o4+jlSPzQO\nUZ+A+XCI/jUBElSE+sZX27qZCj1/PVVysllhfp9Oy/rRo5PQbsXlX+sMb72BY7BV\nEgUaFS0/qTOappxIylADgf94Ej+kJkT7v4O6UI9ewUPfCz3Idvl1PuSjYhdc3UrL\nX15Yp87NsKlEuKDUiGfYX0fUJZWfOP8AAAAAAQID\n-----END OPENSSH PRIVATE KEY-----\n",
            "private_key_pem": "-----BEGIN RSA PRIVATE KEY-----\nMIIJKQIBAAKCAgEAuIgemJAsk39vHgUHFCAW6H9S4AftxMlPh94wNiZvzcRj0Rac\nmjk2t8/t9CnoeYqK+SJuTARRDRNtFAL2hqJMfF0sC99eEer0sK/R+poi8k4fBMYK\nL+052P/hM/vCmqQWl2kBUNpyHZgH73RBAgz0ObfpZcfds8NugVEEUlomUT4RvMBp\nzkZ6o+I+T+rcpt6J03Db5ZlZh/bHfq9IXVFp3SyzF0uP/NDN9KgRCehbY/hiPSAG\nXDGVsTKr9C2hxOmnPdrt7uVZrWvnuqppl0E9SMcWYrxclV2Cizdh5jVM3MaggvzY\nvEiiO7uCmaAJiW2ibPTXLV62i74uvhG0cvZb8E0/UE4wg244OW7psVCzB8FCpnUh\nA+O0eNLrPWR5VcZVJFKOQbk/Vh0rpKAW7nYq/FJTwxc9y1+Kl92PmH4HOpe93O7O\n1AwYOuKRkShlpAceVp/+LGxeHzegIyZAzbe2cAqdfrvZIYT0eiVJTaIbEAi0P586\nQkH7lYN4XRWx226EIN0dCLXbSu1nK6gforVQ2S/FLlxgOLIGCaEAUy2DLVYxepZe\nWvw0Kq5YPRMQrenpEOsoJQYjlEaRhkZvAPZi3WDj1sEDjsjwMa/cH3zZfDBNEb8d\njR+OYoBrmnkccDnA7nc1TAjOMG89FDOi6aY0TV8OvW1C5hY4ZETb+7r3hIECAwEA\nAQKCAgACnOrR/jijXgqUwj13a3znjeX+hh43yyH1KpBENAchQsanD0roZCcCM0+L\nRYylK/EL1hD5wpXjOYMx5VjYTzQGDsuw31jVqB4O4m52vfgAtlp6FtPOGe3XxMfL\nlKUMy4YGXtZF7tHu2VhDa8H/5W8P4irL5iidgwbtjdgh0mT4gYh+w7q70QOrjmiT\neR/mvP/2noJ+nc1Gv5fTk2fS6nQ1TYy7p7ZCPjKsZDTZjxC8OagqdWmhpJIaED2f\nF4ZS43waxB7aYyUB76U4X3FfUu0rOqZ2f3RQKSLQFditCdQszCM5t5raD608a0tO\nIZYA/CxwnobtfYnYMLk4t8d2WUaz+jc319HGeJJOQB2CKXyrZ5E6tKEgEE1ZPF2w\nYz1o0ZeByLZJ/YxUhpc3XRST+g6Ktw4SQ+PwcHHhtiIfS0W2OwUPIZgt8vVG/0Nn\nRPEGB8VvDrGCya3VqxJWVUwDT7Oz5s03UMqQKTCaiMLWxi3LkMHWxWDhGSfnPv8q\nwUe8pNS/VaikOOVu92BoIoqc/kHST8g/UJEVbhQdqFwCFFhULAWerktQSKyYYtG1\njvAcKbmdcClq68wj2MpdVpxCVRaStiz8TAotjchGrbg3AtAUx0Un2OfV0ugiO64k\n2VfYgIJjyEtYwUtDC3za+DcYITC42TV9jI0JCJct91Fhh2+ugQKCAQEAyJ/EWh4M\n0UIbtXDnr/8XkKK+p+/AToSmMFN03YZk2t9JhaGsz8znu7JgfyazAGe8XG5fGS4c\ny+jzWh1aVRDoKVLrdo/ce9y836Pjxmk+VCLOFoKH2mBrQI95+9JSaNdfwPdTnKSN\nGjfGcU2ayI4nLgYFgPk9syIDh/CTK7GOwQCi7e6Sed8nFjWtFRpgM3PWH5POkJL3\nh/GP+c5WFN5HFBzu4fRs6v+Pah7FdNwUtBNe2ugZXMEvOgo2MXFZwkRczEQXlbO1\nCPiycucpF/EI21X6fa6fHf2pAxDTyXswU1woNh7doOLi74GUia+t5p043fi0yYLk\n9O/drcMwZzfCfwKCAQEA63dBLzY+yxeLZsebj166Dj4szlexiKjHIK6/cXzbIFYG\n4MQcrlL2Zw/mQPRau7BHPoG3UDY2MeNBMvC+4PXoTGgkmYogoP9d3L+8vGNNNDvb\nQrSdEdG+v+QipV7dl/iNY9LTZU7Mws1UbhZPQjiQ+ksL/T87K0Nj8O8HlXOhfJP/\nejj6OVI/NA5Rn4D5cIj+NQESVIT6xlfbupkKPX89VXKyWWF+n07L+tGjk9BuxeVf\n6wxvvYFjsFUSBRoVLT+pM5qmnEjKUAOB/3gSP6QmRPu/g7pQj17BQ98LPch2+XU+\n5KNiF1zdSstfXlinzs2wqUS4oNSIZ9hfR9QllZ84/wKCAQEAw9rMyhkp9CNwf3ng\nhP0oGSf3rmSsvTpcLzNaFGT+EnoHAXDrDtX/qEokUB0MhKnAxg9twVw1+o7I+0FK\njV769lSfz9fzq+u7ayxI0cqucV6lCG6Xh4W3ToiC0mbp0rXnIa+RrYsqwNyQWs4i\n/AVilFiGiPlI1ZawEca3NeGZ9irT5CmST22db94owUBFiBVehOc7sgH3qnwVTQ61\nFJxGkYkJYAbJScUBUd0GcOXlRELgyB3rnJRvsV6Et1HsCW3JlhQnXhrY8hAvzWKD\nyH6jYdSWvJl7dsDKfVaxGrGrZMXD78nEHStB1gUPaDbcMxVrja8ddtfVApUkOV0i\n5LEXqwKCAQEAxMcfuYXayjz96cHslc8zK834AeU1X6C08PI42W3fblGWY+ZglaqN\ncynNYgEThoDVuT4MZUM43U4u4ZRh4HyBSsFJvOq7Q/DFj0LJRqKyFXHkVgW8sfSY\nNaNA9PSnuWYlOwQoWCSXaEDSS0HnsM63EgT/mv9pwkkKT4Ji0xoUHZlNSuYs7xR1\n71n8CpFtZAeIceFYYTvUm0c3QOS+sxAPwMYemCWq/RWL0Cu8ST5KJKYBF9yH0VY9\nalJdwde/VNY73/1hOYB3WpDj5gyBK6BRvxqoPTzKMFaeqsrOiS5rhyPdkJOd2Spp\nYSU+qQjsDB7HgV4F8ZpL+ITRc6SuWDD9HwKCAQBUs9MkBkZpt2ZATFV0cGhgTd0Q\nbrPp3VL4/lXbUvlpg5nCSyfATwnrfiDVL6InTsHx9I9Z4DFCOsAV6O/TkoaWs0N7\nf9bfVlsMvR/sUElCyqgBVknVy1bHRJo4C7jcFMdwKkhhNqLYzjFsfTKRuKmDixqm\nGKl5EiZfO0DcpY8br3+aVuL07RLUZtGoxIzapfbro8HZ2FeosD5ypB+C+bJAYN9F\noSUm86Fo5ONP7Qd9mhJkw9LNKCcXcv8YjGF2x9KrodznLvuqRwGqVHW6vYgZecIW\npivEilfqhQdeawDXfd2j0Gv4aTS11ppAGvtNSqt/P0BY3YYxV5lIfWfzOzEk\n-----END RSA PRIVATE KEY-----\n",
            "private_key_pem_pkcs8": "-----BEGIN PRIVATE KEY-----\nMIIJQwIBADANBgkqhkiG9w0BAQEFAASCCS0wggkpAgEAAoICAQC4iB6YkCyTf28e\nBQcUIBbof1LgB+3EyU+H3jA2Jm/NxGPRFpyaOTa3z+30Keh5ior5Im5MBFENE20U\nAvaGokx8XSwL314R6vSwr9H6miLyTh8Exgov7TnY/+Ez+8KapBaXaQFQ2nIdmAfv\ndEECDPQ5t+llx92zw26BUQRSWiZRPhG8wGnORnqj4j5P6tym3onTcNvlmVmH9sd+\nr0hdUWndLLMXS4/80M30qBEJ6Ftj+GI9IAZcMZWxMqv0LaHE6ac92u3u5Vmta+e6\nqmmXQT1IxxZivFyVXYKLN2HmNUzcxqCC/Ni8SKI7u4KZoAmJbaJs9NctXraLvi6+\nEbRy9lvwTT9QTjCDbjg5bumxULMHwUKmdSED47R40us9ZHlVxlUkUo5BuT9WHSuk\noBbudir8UlPDFz3LX4qX3Y+Yfgc6l73c7s7UDBg64pGRKGWkBx5Wn/4sbF4fN6Aj\nJkDNt7ZwCp1+u9khhPR6JUlNohsQCLQ/nzpCQfuVg3hdFbHbboQg3R0ItdtK7Wcr\nqB+itVDZL8UuXGA4sgYJoQBTLYMtVjF6ll5a/DQqrlg9ExCt6ekQ6yglBiOURpGG\nRm8A9mLdYOPWwQOOyPAxr9wffNl8ME0Rvx2NH45igGuaeRxwOcDudzVMCM4wbz0U\nM6LppjRNXw69bULmFjhkRNv7uveEgQIDAQABAoICAAKc6tH+OKNeCpTCPXdrfOeN\n5f6GHjfLIfUqkEQ0ByFCxqcPSuhkJwIzT4tFjKUr8QvWEPnCleM5gzHlWNhPNAYO\ny7DfWNWoHg7ibna9+AC2WnoW084Z7dfEx8uUpQzLhgZe1kXu0e7ZWENrwf/lbw/i\nKsvmKJ2DBu2N2CHSZPiBiH7DurvRA6uOaJN5H+a8//aegn6dzUa/l9OTZ9LqdDVN\njLuntkI+MqxkNNmPELw5qCp1aaGkkhoQPZ8XhlLjfBrEHtpjJQHvpThfcV9S7Ss6\npnZ/dFApItAV2K0J1CzMIzm3mtoPrTxrS04hlgD8LHCehu19idgwuTi3x3ZZRrP6\nNzfX0cZ4kk5AHYIpfKtnkTq0oSAQTVk8XbBjPWjRl4HItkn9jFSGlzddFJP6Doq3\nDhJD4/BwceG2Ih9LRbY7BQ8hmC3y9Ub/Q2dE8QYHxW8OsYLJrdWrElZVTANPs7Pm\nzTdQypApMJqIwtbGLcuQwdbFYOEZJ+c+/yrBR7yk1L9VqKQ45W73YGgiipz+QdJP\nyD9QkRVuFB2oXAIUWFQsBZ6uS1BIrJhi0bWO8BwpuZ1wKWrrzCPYyl1WnEJVFpK2\nLPxMCi2NyEatuDcC0BTHRSfY59XS6CI7riTZV9iAgmPIS1jBS0MLfNr4NxghMLjZ\nNX2MjQkIly33UWGHb66BAoIBAQDIn8RaHgzRQhu1cOev/xeQor6n78BOhKYwU3Td\nhmTa30mFoazPzOe7smB/JrMAZ7xcbl8ZLhzL6PNaHVpVEOgpUut2j9x73Lzfo+PG\naT5UIs4WgofaYGtAj3n70lJo11/A91OcpI0aN8ZxTZrIjicuBgWA+T2zIgOH8JMr\nsY7BAKLt7pJ53ycWNa0VGmAzc9Yfk86QkveH8Y/5zlYU3kcUHO7h9Gzq/49qHsV0\n3BS0E17a6BlcwS86CjYxcVnCRFzMRBeVs7UI+LJy5ykX8QjbVfp9rp8d/akDENPJ\nezBTXCg2Ht2g4uLvgZSJr63mnTjd+LTJguT0792twzBnN8J/AoIBAQDrd0EvNj7L\nF4tmx5uPXroOPizOV7GIqMcgrr9xfNsgVgbgxByuUvZnD+ZA9Fq7sEc+gbdQNjYx\n40Ey8L7g9ehMaCSZiiCg/13cv7y8Y000O9tCtJ0R0b6/5CKlXt2X+I1j0tNlTszC\nzVRuFk9COJD6Swv9PzsrQ2Pw7weVc6F8k/96OPo5Uj80DlGfgPlwiP41ARJUhPrG\nV9u6mQo9fz1VcrJZYX6fTsv60aOT0G7F5V/rDG+9gWOwVRIFGhUtP6kzmqacSMpQ\nA4H/eBI/pCZE+7+DulCPXsFD3ws9yHb5dT7ko2IXXN1Ky19eWKfOzbCpRLig1Ihn\n2F9H1CWVnzj/AoIBAQDD2szKGSn0I3B/eeCE/SgZJ/euZKy9OlwvM1oUZP4SegcB\ncOsO1f+oSiRQHQyEqcDGD23BXDX6jsj7QUqNXvr2VJ/P1/Or67trLEjRyq5xXqUI\nbpeHhbdOiILSZunStechr5GtiyrA3JBaziL8BWKUWIaI+UjVlrARxrc14Zn2KtPk\nKZJPbZ1v3ijBQEWIFV6E5zuyAfeqfBVNDrUUnEaRiQlgBslJxQFR3QZw5eVEQuDI\nHeuclG+xXoS3UewJbcmWFCdeGtjyEC/NYoPIfqNh1Ja8mXt2wMp9VrEasatkxcPv\nycQdK0HWBQ9oNtwzFWuNrx1219UClSQ5XSLksRerAoIBAQDExx+5hdrKPP3pweyV\nzzMrzfgB5TVfoLTw8jjZbd9uUZZj5mCVqo1zKc1iAROGgNW5PgxlQzjdTi7hlGHg\nfIFKwUm86rtD8MWPQslGorIVceRWBbyx9Jg1o0D09Ke5ZiU7BChYJJdoQNJLQeew\nzrcSBP+a/2nCSQpPgmLTGhQdmU1K5izvFHXvWfwKkW1kB4hx4VhhO9SbRzdA5L6z\nEA/Axh6YJar9FYvQK7xJPkokpgEX3IfRVj1qUl3B179U1jvf/WE5gHdakOPmDIEr\noFG/Gqg9PMowVp6qys6JLmuHI92Qk53ZKmlhJT6pCOwMHseBXgXxmkv4hNFzpK5Y\nMP0fAoIBAFSz0yQGRmm3ZkBMVXRwaGBN3RBus+ndUvj+VdtS+WmDmcJLJ8BPCet+\nINUvoidOwfH0j1ngMUI6wBXo79OShpazQ3t/1t9WWwy9H+xQSULKqAFWSdXLVsdE\nmjgLuNwUx3AqSGE2otjOMWx9MpG4qYOLGqYYqXkSJl87QNyljxuvf5pW4vTtEtRm\n0ajEjNql9uujwdnYV6iwPnKkH4L5skBg30WhJSbzoWjk40/tB32aEmTD0s0oJxdy\n/xiMYXbH0quh3Ocu+6pHAapUdbq9iBl5whamK8SKV+qFB15rANd93aPQa/hpNLXW\nmkAa+01Kq38/QFjdhjFXmUh9Z/M7MSQ=\n-----END PRIVATE KEY-----\n",
            "public_key_fingerprint_md5": "80:34:38:39:fd:70:ce:45:e8:7d:d5:d1:9c:e4:f7:d2",
            "public_key_fingerprint_sha256": "SHA256:jeObM0y10pbQ0je2RvZbKHRVL9uB/hK18uvAo2MRwuA",
            "public_key_openssh": "ssh-rsa AAAAB3NzaC1yc2EAAAADAQABAAACAQC4iB6YkCyTf28eBQcUIBbof1LgB+3EyU+H3jA2Jm/NxGPRFpyaOTa3z+30Keh5ior5Im5MBFENE20UAvaGokx8XSwL314R6vSwr9H6miLyTh8Exgov7TnY/+Ez+8KapBaXaQFQ2nIdmAfvdEECDPQ5t+llx92zw26BUQRSWiZRPhG8wGnORnqj4j5P6tym3onTcNvlmVmH9sd+r0hdUWndLLMXS4/80M30qBEJ6Ftj+GI9IAZcMZWxMqv0LaHE6ac92u3u5Vmta+e6qmmXQT1IxxZivFyVXYKLN2HmNUzcxqCC/Ni8SKI7u4KZoAmJbaJs9NctXraLvi6+EbRy9lvwTT9QTjCDbjg5bumxULMHwUKmdSED47R40us9ZHlVxlUkUo5BuT9WHSukoBbudir8UlPDFz3LX4qX3Y+Yfgc6l73c7s7UDBg64pGRKGWkBx5Wn/4sbF4fN6AjJkDNt7ZwCp1+u9khhPR6JUlNohsQCLQ/nzpCQfuVg3hdFbHbboQg3R0ItdtK7WcrqB+itVDZL8UuXGA4sgYJoQBTLYMtVjF6ll5a/DQqrlg9ExCt6ekQ6yglBiOURpGGRm8A9mLdYOPWwQOOyPAxr9wffNl8ME0Rvx2NH45igGuaeRxwOcDudzVMCM4wbz0UM6LppjRNXw69bULmFjhkRNv7uveEgQ==\n",
            "public_key_pem": "-----BEGIN PUBLIC KEY-----\nMIICIjANBgkqhkiG9w0BAQEFAAOCAg8AMIICCgKCAgEAuIgemJAsk39vHgUHFCAW\n6H9S4AftxMlPh94wNiZvzcRj0Racmjk2t8/t9CnoeYqK+SJuTARRDRNtFAL2hqJM\nfF0sC99eEer0sK/R+poi8k4fBMYKL+052P/hM/vCmqQWl2kBUNpyHZgH73RBAgz0\nObfpZcfds8NugVEEUlomUT4RvMBpzkZ6o+I+T+rcpt6J03Db5ZlZh/bHfq9IXVFp\n3SyzF0uP/NDN9KgRCehbY/hiPSAGXDGVsTKr9C2hxOmnPdrt7uVZrWvnuqppl0E9\nSMcWYrxclV2Cizdh5jVM3MaggvzYvEiiO7uCmaAJiW2ibPTXLV62i74uvhG0cvZb\n8E0/UE4wg244OW7psVCzB8FCpnUhA+O0eNLrPWR5VcZVJFKOQbk/Vh0rpKAW7nYq\n/FJTwxc9y1+Kl92PmH4HOpe93O7O1AwYOuKRkShlpAceVp/+LGxeHzegIyZAzbe2\ncAqdfrvZIYT0eiVJTaIbEAi0P586QkH7lYN4XRWx226EIN0dCLXbSu1nK6gforVQ\n2S/FLlxgOLIGCaEAUy2DLVYxepZeWvw0Kq5YPRMQrenpEOsoJQYjlEaRhkZvAPZi\n3WDj1sEDjsjwMa/cH3zZfDBNEb8djR+OYoBrmnkccDnA7nc1TAjOMG89FDOi6aY0\nTV8OvW1C5hY4ZETb+7r3hIECAwEAAQ==\n-----END PUBLIC KEY-----\n",
            "rsa_bits": 4096
          },
          "sensitive_attributes": []
        }
      ]
    }
  ],
  "check_results": null
}
